
Microsoft Visual Studio Solution File, Format Version 12.00
# Visual Studio Version 17
VisualStudioVersion = 17.4.33205.214
MinimumVisualStudioVersion = 10.0.40219.1
Project("{9A19103F-16F7-4668-BE54-9A1E7A4F7556}") = "SocialMedia.Api", "SocialMedia.Api\SocialMedia.Api.csproj", "{6A03DF76-D8DA-44CB-9C1E-4C1B5A887B3C}"
EndProject
Project("{FAE04EC0-301F-11D3-BF4B-00C04F79EFBC}") = "SocialMedia.Domain", "SocialMedia.Domain\SocialMedia.Domain.csproj", "{3FC91E86-63F0-4F4B-866C-E7C3BF347C05}"
EndProject
Project("{FAE04EC0-301F-11D3-BF4B-00C04F79EFBC}") = "SocialMedia.Application", "SocialMedia.Application\SocialMedia.Application.csproj", "{01923047-F500-43BA-8AC6-4E10A2DD7F8D}"
EndProject
Project("{FAE04EC0-301F-11D3-BF4B-00C04F79EFBC}") = "Dal", "Dal\Dal.csproj", "{4AFE7168-3F41-482C-B9D6-59F5D978CA6A}"
EndProject
Global
	GlobalSection(SolutionConfigurationPlatforms) = preSolution
		Debug|Any CPU = Debug|Any CPU
		Release|Any CPU = Release|Any CPU
	EndGlobalSection
	GlobalSection(ProjectConfigurationPlatforms) = postSolution
		{6A03DF76-D8DA-44CB-9C1E-4C1B5A887B3C}.Debug|Any CPU.ActiveCfg = Debug|Any CPU
		{6A03DF76-D8DA-44CB-9C1E-4C1B5A887B3C}.Debug|Any CPU.Build.0 = Debug|Any CPU
		{6A03DF76-D8DA-44CB-9C1E-4C1B5A887B3C}.Release|Any CPU.ActiveCfg = Release|Any CPU
		{6A03DF76-D8DA-44CB-9C1E-4C1B5A887B3C}.Release|Any CPU.Build.0 = Release|Any CPU
		{3FC91E86-63F0-4F4B-866C-E7C3BF347C05}.Debug|Any CPU.ActiveCfg = Debug|Any CPU
		{3FC91E86-63F0-4F4B-866C-E7C3BF347C05}.Debug|Any CPU.Build.0 = Debug|Any CPU
		{3FC91E86-63F0-4F4B-866C-E7C3BF347C05}.Release|Any CPU.ActiveCfg = Release|Any CPU
		{3FC91E86-63F0-4F4B-866C-E7C3BF347C05}.Release|Any CPU.Build.0 = Release|Any CPU
		{01923047-F500-43BA-8AC6-4E10A2DD7F8D}.Debug|Any CPU.ActiveCfg = Debug|Any CPU
		{01923047-F500-43BA-8AC6-4E10A2DD7F8D}.Debug|Any CPU.Build.0 = Debug|Any CPU
		{01923047-F500-43BA-8AC6-4E10A2DD7F8D}.Release|Any CPU.ActiveCfg = Release|Any CPU
		{01923047-F500-43BA-8AC6-4E10A2DD7F8D}.Release|Any CPU.Build.0 = Release|Any CPU
		{4AFE7168-3F41-482C-B9D6-59F5D978CA6A}.Debug|Any CPU.ActiveCfg = Debug|Any CPU
		{4AFE7168-3F41-482C-B9D6-59F5D978CA6A}.Debug|Any CPU.Build.0 = Debug|Any CPU
		{4AFE7168-3F41-482C-B9D6-59F5D978CA6A}.Release|Any CPU.ActiveCfg = Release|Any CPU
		{4AFE7168-3F41-482C-B9D6-59F5D978CA6A}.Release|Any CPU.Build.0 = Release|Any CPU
	EndGlobalSection
	GlobalSection(SolutionProperties) = preSolution
		HideSolutionNode = FALSE
	EndGlobalSection
	GlobalSection(ExtensibilityGlobals) = postSolution
		SolutionGuid = {9A805419-E570-4B81-8E12-08A46C2CCEA1}
	EndGlobalSection
EndGlobal
